
Microsoft Visual Studio Solution File, Format Version 12.00
# Visual Studio Version 17
VisualStudioVersion = 17.0.31825.309
MinimumVisualStudioVersion = 10.0.40219.1
Project("{FAE04EC0-301F-11D3-BF4B-00C04F79EFBC}") = "SrumHubBackend", "SrumHubBackend.csproj", "{2DA04C26-D83A-414B-997F-0927C6407BEF}"
EndProject
Global
	GlobalSection(SolutionConfigurationPlatforms) = preSolution
		Debug|Any CPU = Debug|Any CPU
		Release|Any CPU = Release|Any CPU
	EndGlobalSection
	GlobalSection(ProjectConfigurationPlatforms) = postSolution
		{2DA04C26-D83A-414B-997F-0927C6407BEF}.Debug|Any CPU.ActiveCfg = Debug|Any CPU
		{2DA04C26-D83A-414B-997F-0927C6407BEF}.Debug|Any CPU.Build.0 = Debug|Any CPU
		{2DA04C26-D83A-414B-997F-0927C6407BEF}.Release|Any CPU.ActiveCfg = Release|Any CPU
		{2DA04C26-D83A-414B-997F-0927C6407BEF}.Release|Any CPU.Build.0 = Release|Any CPU
	EndGlobalSection
	GlobalSection(SolutionProperties) = preSolution
		HideSolutionNode = FALSE
	EndGlobalSection
	GlobalSection(ExtensibilityGlobals) = postSolution
		SolutionGuid = {0ABB9C23-A4C1-4B0D-ADE4-43F1A9AFD28C}
	EndGlobalSection
EndGlobal
